
Microsoft Visual Studio Solution File, Format Version 12.00
# Visual Studio 15
VisualStudioVersion = 15.0.25807.0
MinimumVisualStudioVersion = 10.0.40219.1
Project("{2150E333-8FDC-42A3-9474-1A3956D46DE8}") = "Engine", "Engine", "{3EC6CB33-B4D4-48E8-AC3C-B04A03A79C7B}"
EndProject
Project("{2150E333-8FDC-42A3-9474-1A3956D46DE8}") = "Games", "Games", "{159B66D4-082F-48DD-A47B-F5D2B2F5DA69}"
EndProject
Project("{8BC9CEB8-8B4A-11D0-8D11-00A0C91BC942}") = "UE4", "Intermediate\ProjectFiles\UE4.vcxproj", "{60A2DE94-B0D1-4551-A09A-48813CEB0916}"
EndProject
Project("{8BC9CEB8-8B4A-11D0-8D11-00A0C91BC942}") = "Testing_Grounds", "Intermediate\ProjectFiles\Testing_Grounds.vcxproj", "{106A517B-3DF5-4622-BE3C-CBCA82FB58F2}"
EndProject
Project("{2150E333-8FDC-42A3-9474-1A3956D46DE8}") = "Visualizers", "Visualizers", "{10D0B27A-72BE-4FDB-ADDF-CDCBA1178FDA}"
	ProjectSection(SolutionItems) = preProject
		..\..\..\..\..\Program Files (x86)\Epic Games\UE_4.21\Engine\Extras\VisualStudioDebugging\UE4.natvis = ..\..\..\..\..\Program Files (x86)\Epic Games\UE_4.21\Engine\Extras\VisualStudioDebugging\UE4.natvis
	EndProjectSection
EndProject
Global
	GlobalSection(SolutionConfigurationPlatforms) = preSolution
		DebugGame Editor|HTML5 = DebugGame Editor|HTML5
		DebugGame Editor|IOS = DebugGame Editor|IOS
		DebugGame Editor|Win32 = DebugGame Editor|Win32
		DebugGame Editor|Win64 = DebugGame Editor|Win64
		DebugGame|HTML5 = DebugGame|HTML5
		DebugGame|IOS = DebugGame|IOS
		DebugGame|Win32 = DebugGame|Win32
		DebugGame|Win64 = DebugGame|Win64
		Development Editor|HTML5 = Development Editor|HTML5
		Development Editor|IOS = Development Editor|IOS
		Development Editor|Win32 = Development Editor|Win32
		Development Editor|Win64 = Development Editor|Win64
		Development|HTML5 = Development|HTML5
		Development|IOS = Development|IOS
		Development|Win32 = Development|Win32
		Development|Win64 = Development|Win64
		Shipping|HTML5 = Shipping|HTML5
		Shipping|IOS = Shipping|IOS
		Shipping|Win32 = Shipping|Win32
		Shipping|Win64 = Shipping|Win64
	EndGlobalSection
	GlobalSection(ProjectConfigurationPlatforms) = postSolution
		{60A2DE94-B0D1-4551-A09A-48813CEB0916}.DebugGame Editor|HTML5.ActiveCfg = BuiltWithUnrealBuildTool|Win32
		{60A2DE94-B0D1-4551-A09A-48813CEB0916}.DebugGame Editor|IOS.ActiveCfg = BuiltWithUnrealBuildTool|Win32
		{60A2DE94-B0D1-4551-A09A-48813CEB0916}.DebugGame Editor|Win32.ActiveCfg = BuiltWithUnrealBuildTool|Win32
		{60A2DE94-B0D1-4551-A09A-48813CEB0916}.DebugGame Editor|Win64.ActiveCfg = BuiltWithUnrealBuildTool|Win32
		{60A2DE94-B0D1-4551-A09A-48813CEB0916}.DebugGame|HTML5.ActiveCfg = BuiltWithUnrealBuildTool|Win32
		{60A2DE94-B0D1-4551-A09A-48813CEB0916}.DebugGame|IOS.ActiveCfg = BuiltWithUnrealBuildTool|Win32
		{60A2DE94-B0D1-4551-A09A-48813CEB0916}.DebugGame|Win32.ActiveCfg = BuiltWithUnrealBuildTool|Win32
		{60A2DE94-B0D1-4551-A09A-48813CEB0916}.DebugGame|Win64.ActiveCfg = BuiltWithUnrealBuildTool|Win32
		{60A2DE94-B0D1-4551-A09A-48813CEB0916}.Development Editor|HTML5.ActiveCfg = BuiltWithUnrealBuildTool|Win32
		{60A2DE94-B0D1-4551-A09A-48813CEB0916}.Development Editor|IOS.ActiveCfg = BuiltWithUnrealBuildTool|Win32
		{60A2DE94-B0D1-4551-A09A-48813CEB0916}.Development Editor|Win32.ActiveCfg = BuiltWithUnrealBuildTool|Win32
		{60A2DE94-B0D1-4551-A09A-48813CEB0916}.Development Editor|Win64.ActiveCfg = BuiltWithUnrealBuildTool|Win32
		{60A2DE94-B0D1-4551-A09A-48813CEB0916}.Development|HTML5.ActiveCfg = BuiltWithUnrealBuildTool|Win32
		{60A2DE94-B0D1-4551-A09A-48813CEB0916}.Development|IOS.ActiveCfg = BuiltWithUnrealBuildTool|Win32
		{60A2DE94-B0D1-4551-A09A-48813CEB0916}.Development|Win32.ActiveCfg = BuiltWithUnrealBuildTool|Win32
		{60A2DE94-B0D1-4551-A09A-48813CEB0916}.Development|Win64.ActiveCfg = BuiltWithUnrealBuildTool|Win32
		{60A2DE94-B0D1-4551-A09A-48813CEB0916}.Shipping|HTML5.ActiveCfg = BuiltWithUnrealBuildTool|Win32
		{60A2DE94-B0D1-4551-A09A-48813CEB0916}.Shipping|IOS.ActiveCfg = BuiltWithUnrealBuildTool|Win32
		{60A2DE94-B0D1-4551-A09A-48813CEB0916}.Shipping|Win32.ActiveCfg = BuiltWithUnrealBuildTool|Win32
		{60A2DE94-B0D1-4551-A09A-48813CEB0916}.Shipping|Win64.ActiveCfg = BuiltWithUnrealBuildTool|Win32
		{106A517B-3DF5-4622-BE3C-CBCA82FB58F2}.DebugGame Editor|HTML5.ActiveCfg = Invalid|Win32
		{106A517B-3DF5-4622-BE3C-CBCA82FB58F2}.DebugGame Editor|IOS.ActiveCfg = Invalid|Win32
		{106A517B-3DF5-4622-BE3C-CBCA82FB58F2}.DebugGame Editor|Win32.ActiveCfg = Invalid|Win32
		{106A517B-3DF5-4622-BE3C-CBCA82FB58F2}.DebugGame Editor|Win64.ActiveCfg = DebugGame_Editor|x64
		{106A517B-3DF5-4622-BE3C-CBCA82FB58F2}.DebugGame Editor|Win64.Build.0 = DebugGame_Editor|x64
		{106A517B-3DF5-4622-BE3C-CBCA82FB58F2}.DebugGame|HTML5.ActiveCfg = HTML5_DebugGame|Win32
		{106A517B-3DF5-4622-BE3C-CBCA82FB58F2}.DebugGame|HTML5.Build.0 = HTML5_DebugGame|Win32
		{106A517B-3DF5-4622-BE3C-CBCA82FB58F2}.DebugGame|IOS.ActiveCfg = IOS_DebugGame|Win32
		{106A517B-3DF5-4622-BE3C-CBCA82FB58F2}.DebugGame|IOS.Build.0 = IOS_DebugGame|Win32
		{106A517B-3DF5-4622-BE3C-CBCA82FB58F2}.DebugGame|Win32.ActiveCfg = DebugGame|Win32
		{106A517B-3DF5-4622-BE3C-CBCA82FB58F2}.DebugGame|Win32.Build.0 = DebugGame|Win32
		{106A517B-3DF5-4622-BE3C-CBCA82FB58F2}.DebugGame|Win64.ActiveCfg = DebugGame|x64
		{106A517B-3DF5-4622-BE3C-CBCA82FB58F2}.DebugGame|Win64.Build.0 = DebugGame|x64
		{106A517B-3DF5-4622-BE3C-CBCA82FB58F2}.Development Editor|HTML5.ActiveCfg = Invalid|Win32
		{106A517B-3DF5-4622-BE3C-CBCA82FB58F2}.Development Editor|IOS.ActiveCfg = Invalid|Win32
		{106A517B-3DF5-4622-BE3C-CBCA82FB58F2}.Development Editor|Win32.ActiveCfg = Invalid|Win32
		{106A517B-3DF5-4622-BE3C-CBCA82FB58F2}.Development Editor|Win64.ActiveCfg = Development_Editor|x64
		{106A517B-3DF5-4622-BE3C-CBCA82FB58F2}.Development Editor|Win64.Build.0 = Development_Editor|x64
		{106A517B-3DF5-4622-BE3C-CBCA82FB58F2}.Development|HTML5.ActiveCfg = HTML5_Development|Win32
		{106A517B-3DF5-4622-BE3C-CBCA82FB58F2}.Development|HTML5.Build.0 = HTML5_Development|Win32
		{106A517B-3DF5-4622-BE3C-CBCA82FB58F2}.Development|IOS.ActiveCfg = IOS_Development|Win32
		{106A517B-3DF5-4622-BE3C-CBCA82FB58F2}.Development|IOS.Build.0 = IOS_Development|Win32
		{106A517B-3DF5-4622-BE3C-CBCA82FB58F2}.Development|Win32.ActiveCfg = Development|Win32
		{106A517B-3DF5-4622-BE3C-CBCA82FB58F2}.Development|Win32.Build.0 = Development|Win32
		{106A517B-3DF5-4622-BE3C-CBCA82FB58F2}.Development|Win64.ActiveCfg = Development|x64
		{106A517B-3DF5-4622-BE3C-CBCA82FB58F2}.Development|Win64.Build.0 = Development|x64
		{106A517B-3DF5-4622-BE3C-CBCA82FB58F2}.Shipping|HTML5.ActiveCfg = HTML5_Shipping|Win32
		{106A517B-3DF5-4622-BE3C-CBCA82FB58F2}.Shipping|HTML5.Build.0 = HTML5_Shipping|Win32
		{106A517B-3DF5-4622-BE3C-CBCA82FB58F2}.Shipping|IOS.ActiveCfg = IOS_Shipping|Win32
		{106A517B-3DF5-4622-BE3C-CBCA82FB58F2}.Shipping|IOS.Build.0 = IOS_Shipping|Win32
		{106A517B-3DF5-4622-BE3C-CBCA82FB58F2}.Shipping|Win32.ActiveCfg = Shipping|Win32
		{106A517B-3DF5-4622-BE3C-CBCA82FB58F2}.Shipping|Win32.Build.0 = Shipping|Win32
		{106A517B-3DF5-4622-BE3C-CBCA82FB58F2}.Shipping|Win64.ActiveCfg = Shipping|x64
		{106A517B-3DF5-4622-BE3C-CBCA82FB58F2}.Shipping|Win64.Build.0 = Shipping|x64
	EndGlobalSection
	GlobalSection(SolutionProperties) = preSolution
		HideSolutionNode = FALSE
	EndGlobalSection
	GlobalSection(NestedProjects) = preSolution
		{60A2DE94-B0D1-4551-A09A-48813CEB0916} = {3EC6CB33-B4D4-48E8-AC3C-B04A03A79C7B}
		{106A517B-3DF5-4622-BE3C-CBCA82FB58F2} = {159B66D4-082F-48DD-A47B-F5D2B2F5DA69}
	EndGlobalSection
EndGlobal
